
Microsoft Visual Studio Solution File, Format Version 12.00
# Visual Studio Version 17
VisualStudioVersion = 17.8.34330.188
MinimumVisualStudioVersion = 10.0.40219.1
Project("{FAE04EC0-301F-11D3-BF4B-00C04F79EFBC}") = "Rombus", "Rombus\Rombus.csproj", "{5016070D-BD83-4868-BDB2-F157EC92E465}"
EndProject
Global
	GlobalSection(SolutionConfigurationPlatforms) = preSolution
		Debug|Any CPU = Debug|Any CPU
		Release|Any CPU = Release|Any CPU
	EndGlobalSection
	GlobalSection(ProjectConfigurationPlatforms) = postSolution
		{5016070D-BD83-4868-BDB2-F157EC92E465}.Debug|Any CPU.ActiveCfg = Debug|Any CPU
		{5016070D-BD83-4868-BDB2-F157EC92E465}.Debug|Any CPU.Build.0 = Debug|Any CPU
		{5016070D-BD83-4868-BDB2-F157EC92E465}.Release|Any CPU.ActiveCfg = Release|Any CPU
		{5016070D-BD83-4868-BDB2-F157EC92E465}.Release|Any CPU.Build.0 = Release|Any CPU
	EndGlobalSection
	GlobalSection(SolutionProperties) = preSolution
		HideSolutionNode = FALSE
	EndGlobalSection
	GlobalSection(ExtensibilityGlobals) = postSolution
		SolutionGuid = {2E6F00FC-9AF7-4F6E-AC71-3F541DB237AC}
	EndGlobalSection
EndGlobal
