
Microsoft Visual Studio Solution File, Format Version 12.00
# Visual Studio Version 17
VisualStudioVersion = 17.7.34024.191
MinimumVisualStudioVersion = 10.0.40219.1
Project("{FAE04EC0-301F-11D3-BF4B-00C04F79EFBC}") = "NumbersFromOneToN", "NumbersFromOneToN\NumbersFromOneToN.csproj", "{794E8A91-0170-42E3-8535-BA482444EFE5}"
EndProject
Project("{FAE04EC0-301F-11D3-BF4B-00C04F79EFBC}") = "OneToNReversed", "OneToNReversed\OneToNReversed.csproj", "{44699118-12A0-4185-878C-34D18F7A68A1}"
EndProject
Project("{FAE04EC0-301F-11D3-BF4B-00C04F79EFBC}") = "NumbersFromOneToNStepThree", "..\NumbersFromOneToNStepThree\NumbersFromOneToNStepThree.csproj", "{3074558F-A1DC-4412-B488-1A5A5543EA58}"
EndProject
Global
	GlobalSection(SolutionConfigurationPlatforms) = preSolution
		Debug|Any CPU = Debug|Any CPU
		Release|Any CPU = Release|Any CPU
	EndGlobalSection
	GlobalSection(ProjectConfigurationPlatforms) = postSolution
		{794E8A91-0170-42E3-8535-BA482444EFE5}.Debug|Any CPU.ActiveCfg = Debug|Any CPU
		{794E8A91-0170-42E3-8535-BA482444EFE5}.Debug|Any CPU.Build.0 = Debug|Any CPU
		{794E8A91-0170-42E3-8535-BA482444EFE5}.Release|Any CPU.ActiveCfg = Release|Any CPU
		{794E8A91-0170-42E3-8535-BA482444EFE5}.Release|Any CPU.Build.0 = Release|Any CPU
		{44699118-12A0-4185-878C-34D18F7A68A1}.Debug|Any CPU.ActiveCfg = Debug|Any CPU
		{44699118-12A0-4185-878C-34D18F7A68A1}.Debug|Any CPU.Build.0 = Debug|Any CPU
		{44699118-12A0-4185-878C-34D18F7A68A1}.Release|Any CPU.ActiveCfg = Release|Any CPU
		{44699118-12A0-4185-878C-34D18F7A68A1}.Release|Any CPU.Build.0 = Release|Any CPU
		{3074558F-A1DC-4412-B488-1A5A5543EA58}.Debug|Any CPU.ActiveCfg = Debug|Any CPU
		{3074558F-A1DC-4412-B488-1A5A5543EA58}.Debug|Any CPU.Build.0 = Debug|Any CPU
		{3074558F-A1DC-4412-B488-1A5A5543EA58}.Release|Any CPU.ActiveCfg = Release|Any CPU
		{3074558F-A1DC-4412-B488-1A5A5543EA58}.Release|Any CPU.Build.0 = Release|Any CPU
	EndGlobalSection
	GlobalSection(SolutionProperties) = preSolution
		HideSolutionNode = FALSE
	EndGlobalSection
	GlobalSection(ExtensibilityGlobals) = postSolution
		SolutionGuid = {6A7A2F66-1492-4F6B-BCF7-43818E0F4F14}
	EndGlobalSection
EndGlobal
