
Microsoft Visual Studio Solution File, Format Version 12.00
# Visual Studio Version 17
VisualStudioVersion = 17.8.34309.116
MinimumVisualStudioVersion = 10.0.40219.1
Project("{FAE04EC0-301F-11D3-BF4B-00C04F79EFBC}") = "Square Root", "Square Root\Square Root.csproj", "{747282DC-F026-4A16-82A4-C7BDC36D58CE}"
EndProject
Project("{FAE04EC0-301F-11D3-BF4B-00C04F79EFBC}") = "Enter Numbers", "Enter Numbers\Enter Numbers.csproj", "{F2B60885-F24F-4C10-AB73-6B12F7A47E61}"
EndProject
Project("{FAE04EC0-301F-11D3-BF4B-00C04F79EFBC}") = "Sum of Integers", "Sum of Integers\Sum of Integers.csproj", "{AD15081F-4690-42E7-8A0F-4E37D31223E3}"
EndProject
Global
	GlobalSection(SolutionConfigurationPlatforms) = preSolution
		Debug|Any CPU = Debug|Any CPU
		Release|Any CPU = Release|Any CPU
	EndGlobalSection
	GlobalSection(ProjectConfigurationPlatforms) = postSolution
		{747282DC-F026-4A16-82A4-C7BDC36D58CE}.Debug|Any CPU.ActiveCfg = Debug|Any CPU
		{747282DC-F026-4A16-82A4-C7BDC36D58CE}.Debug|Any CPU.Build.0 = Debug|Any CPU
		{747282DC-F026-4A16-82A4-C7BDC36D58CE}.Release|Any CPU.ActiveCfg = Release|Any CPU
		{747282DC-F026-4A16-82A4-C7BDC36D58CE}.Release|Any CPU.Build.0 = Release|Any CPU
		{F2B60885-F24F-4C10-AB73-6B12F7A47E61}.Debug|Any CPU.ActiveCfg = Debug|Any CPU
		{F2B60885-F24F-4C10-AB73-6B12F7A47E61}.Debug|Any CPU.Build.0 = Debug|Any CPU
		{F2B60885-F24F-4C10-AB73-6B12F7A47E61}.Release|Any CPU.ActiveCfg = Release|Any CPU
		{F2B60885-F24F-4C10-AB73-6B12F7A47E61}.Release|Any CPU.Build.0 = Release|Any CPU
		{AD15081F-4690-42E7-8A0F-4E37D31223E3}.Debug|Any CPU.ActiveCfg = Debug|Any CPU
		{AD15081F-4690-42E7-8A0F-4E37D31223E3}.Debug|Any CPU.Build.0 = Debug|Any CPU
		{AD15081F-4690-42E7-8A0F-4E37D31223E3}.Release|Any CPU.ActiveCfg = Release|Any CPU
		{AD15081F-4690-42E7-8A0F-4E37D31223E3}.Release|Any CPU.Build.0 = Release|Any CPU
	EndGlobalSection
	GlobalSection(SolutionProperties) = preSolution
		HideSolutionNode = FALSE
	EndGlobalSection
	GlobalSection(ExtensibilityGlobals) = postSolution
		SolutionGuid = {A24D9C7C-1118-4F73-9C86-4A0358BA14FD}
	EndGlobalSection
EndGlobal
