
Microsoft Visual Studio Solution File, Format Version 12.00
# Visual Studio Version 17
VisualStudioVersion = 17.8.34330.188
MinimumVisualStudioVersion = 10.0.40219.1
Project("{FAE04EC0-301F-11D3-BF4B-00C04F79EFBC}") = "ClassLibrary1", "ClassLibrary1\ClassLibrary1.csproj", "{481D3900-0670-4999-968A-8DAE181E311C}"
EndProject
Global
	GlobalSection(SolutionConfigurationPlatforms) = preSolution
		Debug|Any CPU = Debug|Any CPU
		Release|Any CPU = Release|Any CPU
	EndGlobalSection
	GlobalSection(ProjectConfigurationPlatforms) = postSolution
		{481D3900-0670-4999-968A-8DAE181E311C}.Debug|Any CPU.ActiveCfg = Debug|Any CPU
		{481D3900-0670-4999-968A-8DAE181E311C}.Debug|Any CPU.Build.0 = Debug|Any CPU
		{481D3900-0670-4999-968A-8DAE181E311C}.Release|Any CPU.ActiveCfg = Release|Any CPU
		{481D3900-0670-4999-968A-8DAE181E311C}.Release|Any CPU.Build.0 = Release|Any CPU
	EndGlobalSection
	GlobalSection(SolutionProperties) = preSolution
		HideSolutionNode = FALSE
	EndGlobalSection
	GlobalSection(ExtensibilityGlobals) = postSolution
		SolutionGuid = {E08F3418-58D4-4D9F-B1D9-264ED3948B61}
	EndGlobalSection
EndGlobal
