
Microsoft Visual Studio Solution File, Format Version 12.00
# Visual Studio Version 17
VisualStudioVersion = 17.8.34309.116
MinimumVisualStudioVersion = 10.0.40219.1
Project("{FAE04EC0-301F-11D3-BF4B-00C04F79EFBC}") = "CarManufacturer", "CarManufacturer\CarManufacturer.csproj", "{67F6375C-7159-44F7-BED4-D345DC6A1478}"
EndProject
Global
	GlobalSection(SolutionConfigurationPlatforms) = preSolution
		Debug|Any CPU = Debug|Any CPU
		Release|Any CPU = Release|Any CPU
	EndGlobalSection
	GlobalSection(ProjectConfigurationPlatforms) = postSolution
		{67F6375C-7159-44F7-BED4-D345DC6A1478}.Debug|Any CPU.ActiveCfg = Debug|Any CPU
		{67F6375C-7159-44F7-BED4-D345DC6A1478}.Debug|Any CPU.Build.0 = Debug|Any CPU
		{67F6375C-7159-44F7-BED4-D345DC6A1478}.Release|Any CPU.ActiveCfg = Release|Any CPU
		{67F6375C-7159-44F7-BED4-D345DC6A1478}.Release|Any CPU.Build.0 = Release|Any CPU
	EndGlobalSection
	GlobalSection(SolutionProperties) = preSolution
		HideSolutionNode = FALSE
	EndGlobalSection
	GlobalSection(ExtensibilityGlobals) = postSolution
		SolutionGuid = {94C2CD72-9B31-4F84-A765-28B6AE59F8DE}
	EndGlobalSection
EndGlobal
