
Microsoft Visual Studio Solution File, Format Version 12.00
# Visual Studio Version 17
VisualStudioVersion = 17.7.34024.191
MinimumVisualStudioVersion = 10.0.40219.1
Project("{FAE04EC0-301F-11D3-BF4B-00C04F79EFBC}") = "FishingBoat", "FishingBoat\FishingBoat.csproj", "{494DA1BF-B099-4536-8729-972433731CB2}"
EndProject
Project("{FAE04EC0-301F-11D3-BF4B-00C04F79EFBC}") = "Journey", "..\Journey\Journey.csproj", "{44EBFDE3-7079-40B6-83AE-63CDE72DFB75}"
EndProject
Project("{FAE04EC0-301F-11D3-BF4B-00C04F79EFBC}") = "Operations", "..\Operations\Operations.csproj", "{8EC8E6E2-E165-46EE-9165-3F5F3D7C441F}"
EndProject
Project("{FAE04EC0-301F-11D3-BF4B-00C04F79EFBC}") = "HotelRoom", "..\HotelRoom\HotelRoom.csproj", "{E2ACF090-6C0F-4051-8020-973C1FFC88E3}"
EndProject
Project("{FAE04EC0-301F-11D3-BF4B-00C04F79EFBC}") = "OnTimeForExam", "..\OnTimeForExam\OnTimeForExam.csproj", "{06D4C348-3402-454E-B6FC-EEEB07037D60}"
EndProject
Project("{FAE04EC0-301F-11D3-BF4B-00C04F79EFBC}") = "SkiHoliday", "..\SkiHoliday\SkiHoliday.csproj", "{7F08C83D-343B-4A05-8EFF-DD76D2DBBCCC}"
EndProject
Global
	GlobalSection(SolutionConfigurationPlatforms) = preSolution
		Debug|Any CPU = Debug|Any CPU
		Release|Any CPU = Release|Any CPU
	EndGlobalSection
	GlobalSection(ProjectConfigurationPlatforms) = postSolution
		{494DA1BF-B099-4536-8729-972433731CB2}.Debug|Any CPU.ActiveCfg = Debug|Any CPU
		{494DA1BF-B099-4536-8729-972433731CB2}.Debug|Any CPU.Build.0 = Debug|Any CPU
		{494DA1BF-B099-4536-8729-972433731CB2}.Release|Any CPU.ActiveCfg = Release|Any CPU
		{494DA1BF-B099-4536-8729-972433731CB2}.Release|Any CPU.Build.0 = Release|Any CPU
		{44EBFDE3-7079-40B6-83AE-63CDE72DFB75}.Debug|Any CPU.ActiveCfg = Debug|Any CPU
		{44EBFDE3-7079-40B6-83AE-63CDE72DFB75}.Debug|Any CPU.Build.0 = Debug|Any CPU
		{44EBFDE3-7079-40B6-83AE-63CDE72DFB75}.Release|Any CPU.ActiveCfg = Release|Any CPU
		{44EBFDE3-7079-40B6-83AE-63CDE72DFB75}.Release|Any CPU.Build.0 = Release|Any CPU
		{8EC8E6E2-E165-46EE-9165-3F5F3D7C441F}.Debug|Any CPU.ActiveCfg = Debug|Any CPU
		{8EC8E6E2-E165-46EE-9165-3F5F3D7C441F}.Debug|Any CPU.Build.0 = Debug|Any CPU
		{8EC8E6E2-E165-46EE-9165-3F5F3D7C441F}.Release|Any CPU.ActiveCfg = Release|Any CPU
		{8EC8E6E2-E165-46EE-9165-3F5F3D7C441F}.Release|Any CPU.Build.0 = Release|Any CPU
		{E2ACF090-6C0F-4051-8020-973C1FFC88E3}.Debug|Any CPU.ActiveCfg = Debug|Any CPU
		{E2ACF090-6C0F-4051-8020-973C1FFC88E3}.Debug|Any CPU.Build.0 = Debug|Any CPU
		{E2ACF090-6C0F-4051-8020-973C1FFC88E3}.Release|Any CPU.ActiveCfg = Release|Any CPU
		{E2ACF090-6C0F-4051-8020-973C1FFC88E3}.Release|Any CPU.Build.0 = Release|Any CPU
		{06D4C348-3402-454E-B6FC-EEEB07037D60}.Debug|Any CPU.ActiveCfg = Debug|Any CPU
		{06D4C348-3402-454E-B6FC-EEEB07037D60}.Debug|Any CPU.Build.0 = Debug|Any CPU
		{06D4C348-3402-454E-B6FC-EEEB07037D60}.Release|Any CPU.ActiveCfg = Release|Any CPU
		{06D4C348-3402-454E-B6FC-EEEB07037D60}.Release|Any CPU.Build.0 = Release|Any CPU
		{7F08C83D-343B-4A05-8EFF-DD76D2DBBCCC}.Debug|Any CPU.ActiveCfg = Debug|Any CPU
		{7F08C83D-343B-4A05-8EFF-DD76D2DBBCCC}.Debug|Any CPU.Build.0 = Debug|Any CPU
		{7F08C83D-343B-4A05-8EFF-DD76D2DBBCCC}.Release|Any CPU.ActiveCfg = Release|Any CPU
		{7F08C83D-343B-4A05-8EFF-DD76D2DBBCCC}.Release|Any CPU.Build.0 = Release|Any CPU
	EndGlobalSection
	GlobalSection(SolutionProperties) = preSolution
		HideSolutionNode = FALSE
	EndGlobalSection
	GlobalSection(ExtensibilityGlobals) = postSolution
		SolutionGuid = {60EC771F-7AA0-4014-9419-AB477726BE07}
	EndGlobalSection
EndGlobal
