
Microsoft Visual Studio Solution File, Format Version 12.00
# Visual Studio Version 17
VisualStudioVersion = 17.7.34024.191
MinimumVisualStudioVersion = 10.0.40219.1
Project("{FAE04EC0-301F-11D3-BF4B-00C04F79EFBC}") = "T01", "T01\T01.csproj", "{2048E38D-DC8E-4878-8C55-1E41999CFBE8}"
EndProject
Global
	GlobalSection(SolutionConfigurationPlatforms) = preSolution
		Debug|Any CPU = Debug|Any CPU
		Release|Any CPU = Release|Any CPU
	EndGlobalSection
	GlobalSection(ProjectConfigurationPlatforms) = postSolution
		{2048E38D-DC8E-4878-8C55-1E41999CFBE8}.Debug|Any CPU.ActiveCfg = Debug|Any CPU
		{2048E38D-DC8E-4878-8C55-1E41999CFBE8}.Debug|Any CPU.Build.0 = Debug|Any CPU
		{2048E38D-DC8E-4878-8C55-1E41999CFBE8}.Release|Any CPU.ActiveCfg = Release|Any CPU
		{2048E38D-DC8E-4878-8C55-1E41999CFBE8}.Release|Any CPU.Build.0 = Release|Any CPU
	EndGlobalSection
	GlobalSection(SolutionProperties) = preSolution
		HideSolutionNode = FALSE
	EndGlobalSection
	GlobalSection(ExtensibilityGlobals) = postSolution
		SolutionGuid = {E66E4D73-73D1-48AE-902E-8E3AF78EE025}
	EndGlobalSection
EndGlobal
