
Microsoft Visual Studio Solution File, Format Version 12.00
# Visual Studio Version 17
VisualStudioVersion = 17.7.34024.191
MinimumVisualStudioVersion = 10.0.40219.1
Project("{FAE04EC0-301F-11D3-BF4B-00C04F79EFBC}") = "FirstHelloWorldProgram", "FirstHelloWorldProgram\FirstHelloWorldProgram.csproj", "{54C1D252-7AC3-4589-8686-EBD919A63842}"
EndProject
Project("{FAE04EC0-301F-11D3-BF4B-00C04F79EFBC}") = "01.HelloSoftUni", "01.HelloSoftUni\01.HelloSoftUni.csproj", "{528492CA-4054-486C-AB42-6E20D3072D6F}"
EndProject
Project("{FAE04EC0-301F-11D3-BF4B-00C04F79EFBC}") = "02.ConsoleReading", "02.ConsoleReading\02.ConsoleReading.csproj", "{7C0B95B3-0B07-4E02-8D02-C4B4D2E2025F}"
EndProject
Global
	GlobalSection(SolutionConfigurationPlatforms) = preSolution
		Debug|Any CPU = Debug|Any CPU
		Release|Any CPU = Release|Any CPU
	EndGlobalSection
	GlobalSection(ProjectConfigurationPlatforms) = postSolution
		{54C1D252-7AC3-4589-8686-EBD919A63842}.Debug|Any CPU.ActiveCfg = Debug|Any CPU
		{54C1D252-7AC3-4589-8686-EBD919A63842}.Debug|Any CPU.Build.0 = Debug|Any CPU
		{54C1D252-7AC3-4589-8686-EBD919A63842}.Release|Any CPU.ActiveCfg = Release|Any CPU
		{54C1D252-7AC3-4589-8686-EBD919A63842}.Release|Any CPU.Build.0 = Release|Any CPU
		{528492CA-4054-486C-AB42-6E20D3072D6F}.Debug|Any CPU.ActiveCfg = Debug|Any CPU
		{528492CA-4054-486C-AB42-6E20D3072D6F}.Debug|Any CPU.Build.0 = Debug|Any CPU
		{528492CA-4054-486C-AB42-6E20D3072D6F}.Release|Any CPU.ActiveCfg = Release|Any CPU
		{528492CA-4054-486C-AB42-6E20D3072D6F}.Release|Any CPU.Build.0 = Release|Any CPU
		{7C0B95B3-0B07-4E02-8D02-C4B4D2E2025F}.Debug|Any CPU.ActiveCfg = Debug|Any CPU
		{7C0B95B3-0B07-4E02-8D02-C4B4D2E2025F}.Debug|Any CPU.Build.0 = Debug|Any CPU
		{7C0B95B3-0B07-4E02-8D02-C4B4D2E2025F}.Release|Any CPU.ActiveCfg = Release|Any CPU
		{7C0B95B3-0B07-4E02-8D02-C4B4D2E2025F}.Release|Any CPU.Build.0 = Release|Any CPU
	EndGlobalSection
	GlobalSection(SolutionProperties) = preSolution
		HideSolutionNode = FALSE
	EndGlobalSection
	GlobalSection(ExtensibilityGlobals) = postSolution
		SolutionGuid = {20A50F1F-DE1A-4737-AFE3-9E2D679189EC}
	EndGlobalSection
EndGlobal
