
Microsoft Visual Studio Solution File, Format Version 12.00
# Visual Studio Version 17
VisualStudioVersion = 17.7.34024.191
MinimumVisualStudioVersion = 10.0.40219.1
Project("{FAE04EC0-301F-11D3-BF4B-00C04F79EFBC}") = "Secret Door's Lock", "Secret Door's Lock\Secret Door's Lock.csproj", "{E6135D7A-E4A5-4CA3-B24D-23CB6F2C8BF6}"
EndProject
Project("{FAE04EC0-301F-11D3-BF4B-00C04F79EFBC}") = "Sum of Two Numbers", "..\Sum of Two Numbers\Sum of Two Numbers.csproj", "{875EE13C-8997-461A-A9E1-13650C0EE76A}"
EndProject
Project("{FAE04EC0-301F-11D3-BF4B-00C04F79EFBC}") = "Profit", "..\Profit\Profit.csproj", "{199A37AA-A758-4114-BA24-8662D4051C72}"
EndProject
Project("{FAE04EC0-301F-11D3-BF4B-00C04F79EFBC}") = "HappyCat Parking", "..\HappyCat Parking\HappyCat Parking.csproj", "{37B5F656-FDAC-4F2D-B137-0A5F1431C204}"
EndProject
Project("{FAE04EC0-301F-11D3-BF4B-00C04F79EFBC}") = "The song of the wheels", "..\The song of the wheels\The song of the wheels.csproj", "{E5F801A6-6400-48C6-9A25-983A87AADEB3}"
EndProject
Global
	GlobalSection(SolutionConfigurationPlatforms) = preSolution
		Debug|Any CPU = Debug|Any CPU
		Release|Any CPU = Release|Any CPU
	EndGlobalSection
	GlobalSection(ProjectConfigurationPlatforms) = postSolution
		{E6135D7A-E4A5-4CA3-B24D-23CB6F2C8BF6}.Debug|Any CPU.ActiveCfg = Debug|Any CPU
		{E6135D7A-E4A5-4CA3-B24D-23CB6F2C8BF6}.Debug|Any CPU.Build.0 = Debug|Any CPU
		{E6135D7A-E4A5-4CA3-B24D-23CB6F2C8BF6}.Release|Any CPU.ActiveCfg = Release|Any CPU
		{E6135D7A-E4A5-4CA3-B24D-23CB6F2C8BF6}.Release|Any CPU.Build.0 = Release|Any CPU
		{875EE13C-8997-461A-A9E1-13650C0EE76A}.Debug|Any CPU.ActiveCfg = Debug|Any CPU
		{875EE13C-8997-461A-A9E1-13650C0EE76A}.Debug|Any CPU.Build.0 = Debug|Any CPU
		{875EE13C-8997-461A-A9E1-13650C0EE76A}.Release|Any CPU.ActiveCfg = Release|Any CPU
		{875EE13C-8997-461A-A9E1-13650C0EE76A}.Release|Any CPU.Build.0 = Release|Any CPU
		{199A37AA-A758-4114-BA24-8662D4051C72}.Debug|Any CPU.ActiveCfg = Debug|Any CPU
		{199A37AA-A758-4114-BA24-8662D4051C72}.Debug|Any CPU.Build.0 = Debug|Any CPU
		{199A37AA-A758-4114-BA24-8662D4051C72}.Release|Any CPU.ActiveCfg = Release|Any CPU
		{199A37AA-A758-4114-BA24-8662D4051C72}.Release|Any CPU.Build.0 = Release|Any CPU
		{37B5F656-FDAC-4F2D-B137-0A5F1431C204}.Debug|Any CPU.ActiveCfg = Debug|Any CPU
		{37B5F656-FDAC-4F2D-B137-0A5F1431C204}.Debug|Any CPU.Build.0 = Debug|Any CPU
		{37B5F656-FDAC-4F2D-B137-0A5F1431C204}.Release|Any CPU.ActiveCfg = Release|Any CPU
		{37B5F656-FDAC-4F2D-B137-0A5F1431C204}.Release|Any CPU.Build.0 = Release|Any CPU
		{E5F801A6-6400-48C6-9A25-983A87AADEB3}.Debug|Any CPU.ActiveCfg = Debug|Any CPU
		{E5F801A6-6400-48C6-9A25-983A87AADEB3}.Debug|Any CPU.Build.0 = Debug|Any CPU
		{E5F801A6-6400-48C6-9A25-983A87AADEB3}.Release|Any CPU.ActiveCfg = Release|Any CPU
		{E5F801A6-6400-48C6-9A25-983A87AADEB3}.Release|Any CPU.Build.0 = Release|Any CPU
	EndGlobalSection
	GlobalSection(SolutionProperties) = preSolution
		HideSolutionNode = FALSE
	EndGlobalSection
	GlobalSection(ExtensibilityGlobals) = postSolution
		SolutionGuid = {2FBB61ED-687F-4071-8619-82C8CBFBEC1B}
	EndGlobalSection
EndGlobal
