
Microsoft Visual Studio Solution File, Format Version 12.00
# Visual Studio Version 17
VisualStudioVersion = 17.7.34024.191
MinimumVisualStudioVersion = 10.0.40219.1
Project("{FAE04EC0-301F-11D3-BF4B-00C04F79EFBC}") = "MarketPlace", "MarketPlace\MarketPlace.csproj", "{C42F9C69-2D2B-48F9-8B92-95507BAFD9ED}"
EndProject
Global
	GlobalSection(SolutionConfigurationPlatforms) = preSolution
		Debug|Any CPU = Debug|Any CPU
		Release|Any CPU = Release|Any CPU
	EndGlobalSection
	GlobalSection(ProjectConfigurationPlatforms) = postSolution
		{C42F9C69-2D2B-48F9-8B92-95507BAFD9ED}.Debug|Any CPU.ActiveCfg = Debug|Any CPU
		{C42F9C69-2D2B-48F9-8B92-95507BAFD9ED}.Debug|Any CPU.Build.0 = Debug|Any CPU
		{C42F9C69-2D2B-48F9-8B92-95507BAFD9ED}.Release|Any CPU.ActiveCfg = Release|Any CPU
		{C42F9C69-2D2B-48F9-8B92-95507BAFD9ED}.Release|Any CPU.Build.0 = Release|Any CPU
	EndGlobalSection
	GlobalSection(SolutionProperties) = preSolution
		HideSolutionNode = FALSE
	EndGlobalSection
	GlobalSection(ExtensibilityGlobals) = postSolution
		SolutionGuid = {1B75EDC5-93C9-48DC-AB1F-45138797C73D}
	EndGlobalSection
EndGlobal
